
Microsoft Visual Studio Solution File, Format Version 12.00
# Visual Studio Version 17
VisualStudioVersion = 17.2.32526.322
MinimumVisualStudioVersion = 10.0.40219.1
Project("{FAE04EC0-301F-11D3-BF4B-00C04F79EFBC}") = "BulkyBookWeb", "BulkyBookWeb\BulkyBookWeb.csproj", "{C9838252-6424-4409-A62A-081113E54FF5}"
EndProject
Global
	GlobalSection(SolutionConfigurationPlatforms) = preSolution
		Debug|Any CPU = Debug|Any CPU
		Release|Any CPU = Release|Any CPU
	EndGlobalSection
	GlobalSection(ProjectConfigurationPlatforms) = postSolution
		{C9838252-6424-4409-A62A-081113E54FF5}.Debug|Any CPU.ActiveCfg = Debug|Any CPU
		{C9838252-6424-4409-A62A-081113E54FF5}.Debug|Any CPU.Build.0 = Debug|Any CPU
		{C9838252-6424-4409-A62A-081113E54FF5}.Release|Any CPU.ActiveCfg = Release|Any CPU
		{C9838252-6424-4409-A62A-081113E54FF5}.Release|Any CPU.Build.0 = Release|Any CPU
	EndGlobalSection
	GlobalSection(SolutionProperties) = preSolution
		HideSolutionNode = FALSE
	EndGlobalSection
	GlobalSection(ExtensibilityGlobals) = postSolution
		SolutionGuid = {32D7ED34-7026-43D6-845C-31C7957E8754}
	EndGlobalSection
EndGlobal
